// !$*UTF8*$!
{
	archiveVersion = 1;
	classes = {
	};
	objectVersion = 48;
	objects = {

/* Begin PBXBuildFile section */
		818B660921E56C83001056B6 /* AppDelegate.swift in Sources */ = {isa = PBXBuildFile; fileRef = 818B660821E56C83001056B6 /* AppDelegate.swift */; };
		818B660B21E56C83001056B6 /* ViewController.swift in Sources */ = {isa = PBXBuildFile; fileRef = 818B660A21E56C83001056B6 /* ViewController.swift */; };
		818B660E21E56C83001056B6 /* Main.storyboard in Resources */ = {isa = PBXBuildFile; fileRef = 818B660C21E56C83001056B6 /* Main.storyboard */; };
		818B661021E56C83001056B6 /* Assets.xcassets in Resources */ = {isa = PBXBuildFile; fileRef = 818B660F21E56C83001056B6 /* Assets.xcassets */; };
		818B661321E56C83001056B6 /* LaunchScreen.storyboard in Resources */ = {isa = PBXBuildFile; fileRef = 818B661121E56C83001056B6 /* LaunchScreen.storyboard */; };
		818B661B21E56D0E001056B6 /* CollectionViewFlow.swift in Sources */ = {isa = PBXBuildFile; fileRef = 818B661A21E56D0E001056B6 /* CollectionViewFlow.swift */; };
		818B661D21E57061001056B6 /* MyCellCollectionViewCell.swift in Sources */ = {isa = PBXBuildFile; fileRef = 818B661C21E57061001056B6 /* MyCellCollectionViewCell.swift */; };
		818ECDA621E6CBDC009C26E9 /* GradientColors.swift in Sources */ = {isa = PBXBuildFile; fileRef = 818ECDA521E6CBDB009C26E9 /* GradientColors.swift */; };
		818ECDA821E6D41D009C26E9 /* EventModel.swift in Sources */ = {isa = PBXBuildFile; fileRef = 818ECDA721E6D41D009C26E9 /* EventModel.swift */; };
		818ECDAA21E6D70D009C26E9 /* EventFromURL.swift in Sources */ = {isa = PBXBuildFile; fileRef = 818ECDA921E6D70D009C26E9 /* EventFromURL.swift */; };
		8191134C21E7FCE6004A4086 /* iosExperienceSDK.framework in Frameworks */ = {isa = PBXBuildFile; fileRef = 8191134B21E7FCE6004A4086 /* iosExperienceSDK.framework */; };
		8191134D21E7FCE6004A4086 /* iosExperienceSDK.framework in Embed Frameworks */ = {isa = PBXBuildFile; fileRef = 8191134B21E7FCE6004A4086 /* iosExperienceSDK.framework */; settings = {ATTRIBUTES = (CodeSignOnCopy, RemoveHeadersOnCopy, ); }; };
		8191135021E7FCF1004A4086 /* PresenceSDK.framework in Frameworks */ = {isa = PBXBuildFile; fileRef = 8191134F21E7FCF1004A4086 /* PresenceSDK.framework */; };
		8191135121E7FCF1004A4086 /* PresenceSDK.framework in Embed Frameworks */ = {isa = PBXBuildFile; fileRef = 8191134F21E7FCF1004A4086 /* PresenceSDK.framework */; settings = {ATTRIBUTES = (CodeSignOnCopy, RemoveHeadersOnCopy, ); }; };
/* End PBXBuildFile section */

/* Begin PBXCopyFilesBuildPhase section */
		8191134E21E7FCE6004A4086 /* Embed Frameworks */ = {
			isa = PBXCopyFilesBuildPhase;
			buildActionMask = 2147483647;
			dstPath = "";
			dstSubfolderSpec = 10;
			files = (
				8191135121E7FCF1004A4086 /* PresenceSDK.framework in Embed Frameworks */,
				8191134D21E7FCE6004A4086 /* iosExperienceSDK.framework in Embed Frameworks */,
			);
			name = "Embed Frameworks";
			runOnlyForDeploymentPostprocessing = 0;
		};
/* End PBXCopyFilesBuildPhase section */

/* Begin PBXFileReference section */
		818B660521E56C83001056B6 /* CollectionViewLayout.app */ = {isa = PBXFileReference; explicitFileType = wrapper.application; includeInIndex = 0; path = CollectionViewLayout.app; sourceTree = BUILT_PRODUCTS_DIR; };
		818B660821E56C83001056B6 /* AppDelegate.swift */ = {isa = PBXFileReference; lastKnownFileType = sourcecode.swift; path = AppDelegate.swift; sourceTree = "<group>"; };
		818B660A21E56C83001056B6 /* ViewController.swift */ = {isa = PBXFileReference; lastKnownFileType = sourcecode.swift; path = ViewController.swift; sourceTree = "<group>"; };
		818B660D21E56C83001056B6 /* Base */ = {isa = PBXFileReference; lastKnownFileType = file.storyboard; name = Base; path = Base.lproj/Main.storyboard; sourceTree = "<group>"; };
		818B660F21E56C83001056B6 /* Assets.xcassets */ = {isa = PBXFileReference; lastKnownFileType = folder.assetcatalog; path = Assets.xcassets; sourceTree = "<group>"; };
		818B661221E56C83001056B6 /* Base */ = {isa = PBXFileReference; lastKnownFileType = file.storyboard; name = Base; path = Base.lproj/LaunchScreen.storyboard; sourceTree = "<group>"; };
		818B661421E56C83001056B6 /* Info.plist */ = {isa = PBXFileReference; lastKnownFileType = text.plist.xml; path = Info.plist; sourceTree = "<group>"; };
		818B661A21E56D0E001056B6 /* CollectionViewFlow.swift */ = {isa = PBXFileReference; lastKnownFileType = sourcecode.swift; path = CollectionViewFlow.swift; sourceTree = "<group>"; };
		818B661C21E57061001056B6 /* MyCellCollectionViewCell.swift */ = {isa = PBXFileReference; lastKnownFileType = sourcecode.swift; path = MyCellCollectionViewCell.swift; sourceTree = "<group>"; };
		818ECDA521E6CBDB009C26E9 /* GradientColors.swift */ = {isa = PBXFileReference; fileEncoding = 4; lastKnownFileType = sourcecode.swift; path = GradientColors.swift; sourceTree = "<group>"; };
		818ECDA721E6D41D009C26E9 /* EventModel.swift */ = {isa = PBXFileReference; lastKnownFileType = sourcecode.swift; path = EventModel.swift; sourceTree = "<group>"; };
		818ECDA921E6D70D009C26E9 /* EventFromURL.swift */ = {isa = PBXFileReference; lastKnownFileType = sourcecode.swift; path = EventFromURL.swift; sourceTree = "<group>"; };
		8191134B21E7FCE6004A4086 /* iosExperienceSDK.framework */ = {isa = PBXFileReference; lastKnownFileType = wrapper.framework; path = iosExperienceSDK.framework; sourceTree = "<group>"; };
		8191134F21E7FCF1004A4086 /* PresenceSDK.framework */ = {isa = PBXFileReference; lastKnownFileType = wrapper.framework; path = PresenceSDK.framework; sourceTree = "<group>"; };
/* End PBXFileReference section */

/* Begin PBXFrameworksBuildPhase section */
		818B660221E56C83001056B6 /* Frameworks */ = {
			isa = PBXFrameworksBuildPhase;
			buildActionMask = 2147483647;
			files = (
				8191135021E7FCF1004A4086 /* PresenceSDK.framework in Frameworks */,
				8191134C21E7FCE6004A4086 /* iosExperienceSDK.framework in Frameworks */,
			);
			runOnlyForDeploymentPostprocessing = 0;
		};
/* End PBXFrameworksBuildPhase section */

/* Begin PBXGroup section */
		818B65FC21E56C83001056B6 = {
			isa = PBXGroup;
			children = (
				8191134F21E7FCF1004A4086 /* PresenceSDK.framework */,
				8191134B21E7FCE6004A4086 /* iosExperienceSDK.framework */,
				818B660721E56C83001056B6 /* CollectionViewLayout */,
				818B660621E56C83001056B6 /* Products */,
			);
			sourceTree = "<group>";
		};
		818B660621E56C83001056B6 /* Products */ = {
			isa = PBXGroup;
			children = (
				818B660521E56C83001056B6 /* CollectionViewLayout.app */,
			);
			name = Products;
			sourceTree = "<group>";
		};
		818B660721E56C83001056B6 /* CollectionViewLayout */ = {
			isa = PBXGroup;
			children = (
				818B660821E56C83001056B6 /* AppDelegate.swift */,
				818B660A21E56C83001056B6 /* ViewController.swift */,
				818B660C21E56C83001056B6 /* Main.storyboard */,
				818B660F21E56C83001056B6 /* Assets.xcassets */,
				818B661121E56C83001056B6 /* LaunchScreen.storyboard */,
				818B661421E56C83001056B6 /* Info.plist */,
				818B661A21E56D0E001056B6 /* CollectionViewFlow.swift */,
				818B661C21E57061001056B6 /* MyCellCollectionViewCell.swift */,
				818ECDA521E6CBDB009C26E9 /* GradientColors.swift */,
				818ECDA721E6D41D009C26E9 /* EventModel.swift */,
				818ECDA921E6D70D009C26E9 /* EventFromURL.swift */,
			);
			path = CollectionViewLayout;
			sourceTree = "<group>";
		};
/* End PBXGroup section */

/* Begin PBXNativeTarget section */
		818B660421E56C83001056B6 /* CollectionViewLayout */ = {
			isa = PBXNativeTarget;
			buildConfigurationList = 818B661721E56C83001056B6 /* Build configuration list for PBXNativeTarget "CollectionViewLayout" */;
			buildPhases = (
				818B660121E56C83001056B6 /* Sources */,
				818B660221E56C83001056B6 /* Frameworks */,
				818B660321E56C83001056B6 /* Resources */,
				8191134E21E7FCE6004A4086 /* Embed Frameworks */,
			);
			buildRules = (
			);
			dependencies = (
			);
			name = CollectionViewLayout;
			productName = CollectionViewLayout;
			productReference = 818B660521E56C83001056B6 /* CollectionViewLayout.app */;
			productType = "com.apple.product-type.application";
		};
/* End PBXNativeTarget section */

/* Begin PBXProject section */
		818B65FD21E56C83001056B6 /* Project object */ = {
			isa = PBXProject;
			attributes = {
				LastSwiftUpdateCheck = 0920;
				LastUpgradeCheck = 0920;
				ORGANIZATIONNAME = "David Perez P.";
				TargetAttributes = {
					818B660421E56C83001056B6 = {
						CreatedOnToolsVersion = 9.2;
						ProvisioningStyle = Automatic;
					};
				};
			};
			buildConfigurationList = 818B660021E56C83001056B6 /* Build configuration list for PBXProject "CollectionViewLayout" */;
			compatibilityVersion = "Xcode 8.0";
			developmentRegion = en;
			hasScannedForEncodings = 0;
			knownRegions = (
				en,
				Base,
			);
			mainGroup = 818B65FC21E56C83001056B6;
			productRefGroup = 818B660621E56C83001056B6 /* Products */;
			projectDirPath = "";
			projectRoot = "";
			targets = (
				818B660421E56C83001056B6 /* CollectionViewLayout */,
			);
		};
/* End PBXProject section */

/* Begin PBXResourcesBuildPhase section */
		818B660321E56C83001056B6 /* Resources */ = {
			isa = PBXResourcesBuildPhase;
			buildActionMask = 2147483647;
			files = (
				818B661321E56C83001056B6 /* LaunchScreen.storyboard in Resources */,
				818B661021E56C83001056B6 /* Assets.xcassets in Resources */,
				818B660E21E56C83001056B6 /* Main.storyboard in Resources */,
			);
			runOnlyForDeploymentPostprocessing = 0;
		};
/* End PBXResourcesBuildPhase section */

/* Begin PBXSourcesBuildPhase section */
		818B660121E56C83001056B6 /* Sources */ = {
			isa = PBXSourcesBuildPhase;
			buildActionMask = 2147483647;
			files = (
				818B661B21E56D0E001056B6 /* CollectionViewFlow.swift in Sources */,
				818B660B21E56C83001056B6 /* ViewController.swift in Sources */,
				818B661D21E57061001056B6 /* MyCellCollectionViewCell.swift in Sources */,
				818ECDA621E6CBDC009C26E9 /* GradientColors.swift in Sources */,
				818ECDA821E6D41D009C26E9 /* EventModel.swift in Sources */,
				818ECDAA21E6D70D009C26E9 /* EventFromURL.swift in Sources */,
				818B660921E56C83001056B6 /* AppDelegate.swift in Sources */,
			);
			runOnlyForDeploymentPostprocessing = 0;
		};
/* End PBXSourcesBuildPhase section */

/* Begin PBXVariantGroup section */
		818B660C21E56C83001056B6 /* Main.storyboard */ = {
			isa = PBXVariantGroup;
			children = (
				818B660D21E56C83001056B6 /* Base */,
			);
			name = Main.storyboard;
			sourceTree = "<group>";
		};
		818B661121E56C83001056B6 /* LaunchScreen.storyboard */ = {
			isa = PBXVariantGroup;
			children = (
				818B661221E56C83001056B6 /* Base */,
			);
			name = LaunchScreen.storyboard;
			sourceTree = "<group>";
		};
/* End PBXVariantGroup section */

/* Begin XCBuildConfiguration section */
		818B661521E56C83001056B6 /* Debug */ = {
			isa = XCBuildConfiguration;
			buildSettings = {
				ALWAYS_SEARCH_USER_PATHS = NO;
				CLANG_ANALYZER_NONNULL = YES;
				CLANG_ANALYZER_NUMBER_OBJECT_CONVERSION = YES_AGGRESSIVE;
				CLANG_CXX_LANGUAGE_STANDARD = "gnu++14";
				CLANG_CXX_LIBRARY = "libc++";
				CLANG_ENABLE_MODULES = YES;
				CLANG_ENABLE_OBJC_ARC = YES;
				CLANG_WARN_BLOCK_CAPTURE_AUTORELEASING = YES;
				CLANG_WARN_BOOL_CONVERSION = YES;
				CLANG_WARN_COMMA = YES;
				CLANG_WARN_CONSTANT_CONVERSION = YES;
				CLANG_WARN_DIRECT_OBJC_ISA_USAGE = YES_ERROR;
				CLANG_WARN_DOCUMENTATION_COMMENTS = YES;
				CLANG_WARN_EMPTY_BODY = YES;
				CLANG_WARN_ENUM_CONVERSION = YES;
				CLANG_WARN_INFINITE_RECURSION = YES;
				CLANG_WARN_INT_CONVERSION = YES;
				CLANG_WARN_NON_LITERAL_NULL_CONVERSION = YES;
				CLANG_WARN_OBJC_LITERAL_CONVERSION = YES;
				CLANG_WARN_OBJC_ROOT_CLASS = YES_ERROR;
				CLANG_WARN_RANGE_LOOP_ANALYSIS = YES;
				CLANG_WARN_STRICT_PROTOTYPES = YES;
				CLANG_WARN_SUSPICIOUS_MOVE = YES;
				CLANG_WARN_UNGUARDED_AVAILABILITY = YES_AGGRESSIVE;
				CLANG_WARN_UNREACHABLE_CODE = YES;
				CLANG_WARN__DUPLICATE_METHOD_MATCH = YES;
				CODE_SIGN_IDENTITY = "iPhone Developer";
				COPY_PHASE_STRIP = NO;
				DEBUG_INFORMATION_FORMAT = dwarf;
				ENABLE_STRICT_OBJC_MSGSEND = YES;
				ENABLE_TESTABILITY = YES;
				GCC_C_LANGUAGE_STANDARD = gnu11;
				GCC_DYNAMIC_NO_PIC = NO;
				GCC_NO_COMMON_BLOCKS = YES;
				GCC_OPTIMIZATION_LEVEL = 0;
				GCC_PREPROCESSOR_DEFINITIONS = (
					"DEBUG=1",
					"$(inherited)",
				);
				GCC_WARN_64_TO_32_BIT_CONVERSION = YES;
				GCC_WARN_ABOUT_RETURN_TYPE = YES_ERROR;
				GCC_WARN_UNDECLARED_SELECTOR = YES;
				GCC_WARN_UNINITIALIZED_AUTOS = YES_AGGRESSIVE;
				GCC_WARN_UNUSED_FUNCTION = YES;
				GCC_WARN_UNUSED_VARIABLE = YES;
				IPHONEOS_DEPLOYMENT_TARGET = 11.2;
				MTL_ENABLE_DEBUG_INFO = YES;
				ONLY_ACTIVE_ARCH = YES;
				SDKROOT = iphoneos;
				SWIFT_ACTIVE_COMPILATION_CONDITIONS = DEBUG;
				SWIFT_OPTIMIZATION_LEVEL = "-Onone";
			};
			name = Debug;
		};
		818B661621E56C83001056B6 /* Release */ = {
			isa = XCBuildConfiguration;
			buildSettings = {
				ALWAYS_SEARCH_USER_PATHS = NO;
				CLANG_ANALYZER_NONNULL = YES;
				CLANG_ANALYZER_NUMBER_OBJECT_CONVERSION = YES_AGGRESSIVE;
				CLANG_CXX_LANGUAGE_STANDARD = "gnu++14";
				CLANG_CXX_LIBRARY = "libc++";
				CLANG_ENABLE_MODULES = YES;
				CLANG_ENABLE_OBJC_ARC = YES;
				CLANG_WARN_BLOCK_CAPTURE_AUTORELEASING = YES;
				CLANG_WARN_BOOL_CONVERSION = YES;
				CLANG_WARN_COMMA = YES;
				CLANG_WARN_CONSTANT_CONVERSION = YES;
				CLANG_WARN_DIRECT_OBJC_ISA_USAGE = YES_ERROR;
				CLANG_WARN_DOCUMENTATION_COMMENTS = YES;
				CLANG_WARN_EMPTY_BODY = YES;
				CLANG_WARN_ENUM_CONVERSION = YES;
				CLANG_WARN_INFINITE_RECURSION = YES;
				CLANG_WARN_INT_CONVERSION = YES;
				CLANG_WARN_NON_LITERAL_NULL_CONVERSION = YES;
				CLANG_WARN_OBJC_LITERAL_CONVERSION = YES;
				CLANG_WARN_OBJC_ROOT_CLASS = YES_ERROR;
				CLANG_WARN_RANGE_LOOP_ANALYSIS = YES;
				CLANG_WARN_STRICT_PROTOTYPES = YES;
				CLANG_WARN_SUSPICIOUS_MOVE = YES;
				CLANG_WARN_UNGUARDED_AVAILABILITY = YES_AGGRESSIVE;
				CLANG_WARN_UNREACHABLE_CODE = YES;
				CLANG_WARN__DUPLICATE_METHOD_MATCH = YES;
				CODE_SIGN_IDENTITY = "iPhone Developer";
				COPY_PHASE_STRIP = NO;
				DEBUG_INFORMATION_FORMAT = "dwarf-with-dsym";
				ENABLE_NS_ASSERTIONS = NO;
				ENABLE_STRICT_OBJC_MSGSEND = YES;
				GCC_C_LANGUAGE_STANDARD = gnu11;
				GCC_NO_COMMON_BLOCKS = YES;
				GCC_WARN_64_TO_32_BIT_CONVERSION = YES;
				GCC_WARN_ABOUT_RETURN_TYPE = YES_ERROR;
				GCC_WARN_UNDECLARED_SELECTOR = YES;
				GCC_WARN_UNINITIALIZED_AUTOS = YES_AGGRESSIVE;
				GCC_WARN_UNUSED_FUNCTION = YES;
				GCC_WARN_UNUSED_VARIABLE = YES;
				IPHONEOS_DEPLOYMENT_TARGET = 11.2;
				MTL_ENABLE_DEBUG_INFO = NO;
				SDKROOT = iphoneos;
				SWIFT_OPTIMIZATION_LEVEL = "-Owholemodule";
				VALIDATE_PRODUCT = YES;
			};
			name = Release;
		};
		818B661821E56C83001056B6 /* Debug */ = {
			isa = XCBuildConfiguration;
			buildSettings = {
				ASSETCATALOG_COMPILER_APPICON_NAME = AppIcon;
				CODE_SIGN_STYLE = Automatic;
				DEVELOPMENT_TEAM = 73D7P6XKX3;
				FRAMEWORK_SEARCH_PATHS = (
					"$(inherited)",
					"$(PROJECT_DIR)",
				);
				INFOPLIST_FILE = CollectionViewLayout/Info.plist;
				LD_RUNPATH_SEARCH_PATHS = "$(inherited) @executable_path/Frameworks";
				PRODUCT_BUNDLE_IDENTIFIER = com.PerezP.CollectionViewLayout;
				PRODUCT_NAME = "$(TARGET_NAME)";
				SWIFT_VERSION = 4.0;
				TARGETED_DEVICE_FAMILY = "1,2";
			};
			name = Debug;
		};
		818B661921E56C83001056B6 /* Release */ = {
			isa = XCBuildConfiguration;
			buildSettings = {
				ASSETCATALOG_COMPILER_APPICON_NAME = AppIcon;
				CODE_SIGN_STYLE = Automatic;
				DEVELOPMENT_TEAM = 73D7P6XKX3;
				FRAMEWORK_SEARCH_PATHS = (
					"$(inherited)",
					"$(PROJECT_DIR)",
				);
				INFOPLIST_FILE = CollectionViewLayout/Info.plist;
				LD_RUNPATH_SEARCH_PATHS = "$(inherited) @executable_path/Frameworks";
				PRODUCT_BUNDLE_IDENTIFIER = com.PerezP.CollectionViewLayout;
				PRODUCT_NAME = "$(TARGET_NAME)";
				SWIFT_VERSION = 4.0;
				TARGETED_DEVICE_FAMILY = "1,2";
			};
			name = Release;
		};
/* End XCBuildConfiguration section */

/* Begin XCConfigurationList section */
		818B660021E56C83001056B6 /* Build configuration list for PBXProject "CollectionViewLayout" */ = {
			isa = XCConfigurationList;
			buildConfigurations = (
				818B661521E56C83001056B6 /* Debug */,
				818B661621E56C83001056B6 /* Release */,
			);
			defaultConfigurationIsVisible = 0;
			defaultConfigurationName = Release;
		};
		818B661721E56C83001056B6 /* Build configuration list for PBXNativeTarget "CollectionViewLayout" */ = {
			isa = XCConfigurationList;
			buildConfigurations = (
				818B661821E56C83001056B6 /* Debug */,
				818B661921E56C83001056B6 /* Release */,
			);
			defaultConfigurationIsVisible = 0;
			defaultConfigurationName = Release;
		};
/* End XCConfigurationList section */
	};
	rootObject = 818B65FD21E56C83001056B6 /* Project object */;
}
